
Microsoft Visual Studio Solution File, Format Version 12.00
# Visual Studio Version 17
VisualStudioVersion = 17.5.002.0
MinimumVisualStudioVersion = 10.0.40219.1
Project("{9A19103F-16F7-4668-BE54-9A1E7A4F7556}") = "BlogApi", "BlogApi.csproj", "{6F0D9E66-9B9C-4F85-ABD2-B23EA6D07FBA}"
EndProject
Global
	GlobalSection(SolutionConfigurationPlatforms) = preSolution
		Debug|Any CPU = Debug|Any CPU
		Release|Any CPU = Release|Any CPU
	EndGlobalSection
	GlobalSection(ProjectConfigurationPlatforms) = postSolution
		{6F0D9E66-9B9C-4F85-ABD2-B23EA6D07FBA}.Debug|Any CPU.ActiveCfg = Debug|Any CPU
		{6F0D9E66-9B9C-4F85-ABD2-B23EA6D07FBA}.Debug|Any CPU.Build.0 = Debug|Any CPU
		{6F0D9E66-9B9C-4F85-ABD2-B23EA6D07FBA}.Release|Any CPU.ActiveCfg = Release|Any CPU
		{6F0D9E66-9B9C-4F85-ABD2-B23EA6D07FBA}.Release|Any CPU.Build.0 = Release|Any CPU
	EndGlobalSection
	GlobalSection(SolutionProperties) = preSolution
		HideSolutionNode = FALSE
	EndGlobalSection
	GlobalSection(ExtensibilityGlobals) = postSolution
		SolutionGuid = {4490413D-5753-4C47-9CC0-3A0B9986B086}
	EndGlobalSection
EndGlobal
